
Microsoft Visual Studio Solution File, Format Version 12.00
# Visual Studio Version 17
VisualStudioVersion = 17.2.32630.192
MinimumVisualStudioVersion = 10.0.40219.1
Project("{9A19103F-16F7-4668-BE54-9A1E7A4F7556}") = "R5T.L0088.Construction", "R5T.L0088.Construction\R5T.L0088.Construction.csproj", "{FFD30F1D-B556-4C99-9A88-11A657832696}"
EndProject
Project("{9A19103F-16F7-4668-BE54-9A1E7A4F7556}") = "R5T.L0088", "R5T.L0088\R5T.L0088.csproj", "{0A1D1C48-A415-48FC-99D7-75C635865925}"
EndProject
Project("{9A19103F-16F7-4668-BE54-9A1E7A4F7556}") = "R5T.L0088.F001", "R5T.L0088.F001/R5T.L0088.F001.csproj", "{45BB723B-794E-46C0-94F4-CA63D521C876}"
EndProject
Project("{2150E333-8FDC-42A3-9474-1A3956D46DE8}") = "_Dependencies", "_Dependencies", "{03D649ED-8D97-4A19-9F3C-D03EBBF30737}"
EndProject
Project("{9A19103F-16F7-4668-BE54-9A1E7A4F7556}") = "R5T.F0000", "../../R5T.F0000/source/R5T.F0000/R5T.F0000.csproj", "{EBCA1780-D687-40A3-BD6D-83ABDDA4DF5D}"
EndProject
Project("{9A19103F-16F7-4668-BE54-9A1E7A4F7556}") = "R5T.F0002", "../../R5T.F0002/source/R5T.F0002/R5T.F0002.csproj", "{3E7D81E5-6956-479C-BB5C-24FBCBC1CAB1}"
EndProject
Project("{9A19103F-16F7-4668-BE54-9A1E7A4F7556}") = "R5T.F0059", "../../R5T.F0059/source/R5T.F0059/R5T.F0059.csproj", "{59D894E2-AFE6-401E-99FF-2BBB5364592F}"
EndProject
Project("{9A19103F-16F7-4668-BE54-9A1E7A4F7556}") = "R5T.F0120", "../../R5T.F0120/source/R5T.F0120/R5T.F0120.csproj", "{411A8C32-3475-461C-BDE3-CEB256048456}"
EndProject
Project("{9A19103F-16F7-4668-BE54-9A1E7A4F7556}") = "R5T.F0124", "../../R5T.F0124/source/R5T.F0124/R5T.F0124.csproj", "{74134158-EC0E-498A-8FC9-C3FF74B9518E}"
EndProject
Project("{9A19103F-16F7-4668-BE54-9A1E7A4F7556}") = "R5T.F0125", "../../R5T.F0125/source/R5T.F0125/R5T.F0125.csproj", "{01BC9C64-2F8C-4E1D-9255-A50BDAD67234}"
EndProject
Project("{9A19103F-16F7-4668-BE54-9A1E7A4F7556}") = "R5T.L0030.T000", "../../R5T.L0030/source/R5T.L0030.T000/R5T.L0030.T000.csproj", "{43372D7D-BE8B-4EFB-B59E-629A8B3379DD}"
EndProject
Project("{9A19103F-16F7-4668-BE54-9A1E7A4F7556}") = "R5T.L0030", "../../R5T.L0030/source/R5T.L0030/R5T.L0030.csproj", "{F39B43B9-46C2-41E2-95C4-D3173A4B223E}"
EndProject
Project("{9A19103F-16F7-4668-BE54-9A1E7A4F7556}") = "R5T.L0034", "../../R5T.L0034/source/R5T.L0034/R5T.L0034.csproj", "{E629F6AA-B3D5-47E2-B74C-130FF96B2993}"
EndProject
Project("{9A19103F-16F7-4668-BE54-9A1E7A4F7556}") = "R5T.L0035", "../../R5T.L0035/source/R5T.L0035/R5T.L0035.csproj", "{AD12C8A2-8D45-4A1C-8607-F454B78EB78B}"
EndProject
Project("{9A19103F-16F7-4668-BE54-9A1E7A4F7556}") = "R5T.L0053", "../../R5T.L0053/source/R5T.L0053/R5T.L0053.csproj", "{59DF4F46-3804-4335-AFB3-C9B6C0A0C033}"
EndProject
Project("{9A19103F-16F7-4668-BE54-9A1E7A4F7556}") = "R5T.L0056", "../../R5T.L0056/source/R5T.L0056/R5T.L0056.csproj", "{95198CD9-95D4-4201-8C39-CB50EA0E4632}"
EndProject
Project("{9A19103F-16F7-4668-BE54-9A1E7A4F7556}") = "R5T.L0066", "../../R5T.L0066/source/R5T.L0066/R5T.L0066.csproj", "{075576BA-CA82-45BE-A48C-4F73D71155E8}"
EndProject
Project("{9A19103F-16F7-4668-BE54-9A1E7A4F7556}") = "R5T.L0071", "../../R5T.L0071/source/R5T.L0071/R5T.L0071.csproj", "{460A9995-F7C4-419C-A7A2-F87983E8BD4C}"
EndProject
Project("{9A19103F-16F7-4668-BE54-9A1E7A4F7556}") = "R5T.L0074", "../../R5T.L0074/source/R5T.L0074/R5T.L0074.csproj", "{9FF07237-12AD-4380-8796-D8080A9126BE}"
EndProject
Project("{9A19103F-16F7-4668-BE54-9A1E7A4F7556}") = "R5T.NG0006", "../../R5T.NG0006/source/R5T.NG0006/R5T.NG0006.csproj", "{5275A515-266A-457E-87DA-1B0BC861D9FE}"
EndProject
Project("{9A19103F-16F7-4668-BE54-9A1E7A4F7556}") = "R5T.NG0022", "../../R5T.NG0022/source/R5T.NG0022/R5T.NG0022.csproj", "{9FAFA8DE-4DF9-4C3B-989E-206684C529A6}"
EndProject
Project("{9A19103F-16F7-4668-BE54-9A1E7A4F7556}") = "R5T.T0131", "../../R5T.T0131/source/R5T.T0131/R5T.T0131.csproj", "{3A28C37C-E39E-4569-930C-3D530068A032}"
EndProject
Project("{9A19103F-16F7-4668-BE54-9A1E7A4F7556}") = "R5T.T0132", "../../R5T.T0132/source/R5T.T0132/R5T.T0132.csproj", "{8319E0AD-2BA0-4C25-AE0C-75AF02C194A1}"
EndProject
Project("{9A19103F-16F7-4668-BE54-9A1E7A4F7556}") = "R5T.T0142", "../../R5T.T0142/source/R5T.T0142/R5T.T0142.csproj", "{AF55D33D-916B-4D1F-8788-FF2330B229A1}"
EndProject
Project("{9A19103F-16F7-4668-BE54-9A1E7A4F7556}") = "R5T.T0143", "../../R5T.T0143/source/R5T.T0143/R5T.T0143.csproj", "{28423413-D0E5-4595-975B-74E9046A2C90}"
EndProject
Project("{9A19103F-16F7-4668-BE54-9A1E7A4F7556}") = "R5T.T0150", "../../R5T.T0150/source/R5T.T0150/R5T.T0150.csproj", "{BA67093F-8D3D-40A2-812C-53033C4AC7B3}"
EndProject
Project("{9A19103F-16F7-4668-BE54-9A1E7A4F7556}") = "R5T.T0151", "../../R5T.T0151/source/R5T.T0151/R5T.T0151.csproj", "{CE68A273-B965-4B90-8576-984258934193}"
EndProject
Project("{9A19103F-16F7-4668-BE54-9A1E7A4F7556}") = "R5T.T0156", "../../R5T.T0156/source/R5T.T0156/R5T.T0156.csproj", "{A01D01C7-EA90-493F-83E7-200990D5D504}"
EndProject
Project("{9A19103F-16F7-4668-BE54-9A1E7A4F7556}") = "R5T.T0158", "../../R5T.T0158/source/R5T.T0158/R5T.T0158.csproj", "{473E90C9-1FD9-4DC7-8021-6D96FDBD0DB4}"
EndProject
Project("{9A19103F-16F7-4668-BE54-9A1E7A4F7556}") = "R5T.T0159", "../../R5T.T0159/source/R5T.T0159/R5T.T0159.csproj", "{D36FDBC5-0802-4A41-AB91-B97392508A3A}"
EndProject
Project("{9A19103F-16F7-4668-BE54-9A1E7A4F7556}") = "R5T.T0172", "../../R5T.T0172/source/R5T.T0172/R5T.T0172.csproj", "{BAFE3822-8208-490E-BA08-5DF7518FEEBD}"
EndProject
Project("{9A19103F-16F7-4668-BE54-9A1E7A4F7556}") = "R5T.T0174", "../../R5T.T0174/source/R5T.T0174/R5T.T0174.csproj", "{AB008332-0BCF-43AF-A3AC-13CB04826421}"
EndProject
Project("{9A19103F-16F7-4668-BE54-9A1E7A4F7556}") = "R5T.T0176", "../../R5T.T0176/source/R5T.T0176/R5T.T0176.csproj", "{A68BFBCB-E057-42CB-91F7-F64345E3A3CD}"
EndProject
Project("{9A19103F-16F7-4668-BE54-9A1E7A4F7556}") = "R5T.T0177", "../../R5T.T0177/source/R5T.T0177/R5T.T0177.csproj", "{ECEBBE96-BB25-4CA0-A50A-7307723ADB65}"
EndProject
Project("{9A19103F-16F7-4668-BE54-9A1E7A4F7556}") = "R5T.T0178", "../../R5T.T0178/source/R5T.T0178/R5T.T0178.csproj", "{D0FED1DE-7491-43AC-A500-88AFDACC1021}"
EndProject
Project("{9A19103F-16F7-4668-BE54-9A1E7A4F7556}") = "R5T.T0179", "../../R5T.T0179/source/R5T.T0179/R5T.T0179.csproj", "{64D2DBCC-607F-4DC7-92FB-4518CE26C97B}"
EndProject
Project("{9A19103F-16F7-4668-BE54-9A1E7A4F7556}") = "R5T.T0180", "../../R5T.T0180/source/R5T.T0180/R5T.T0180.csproj", "{DFD24D2A-6A9A-43AD-9664-F44E4273E6B6}"
EndProject
Project("{9A19103F-16F7-4668-BE54-9A1E7A4F7556}") = "R5T.T0181", "../../R5T.T0181/source/R5T.T0181/R5T.T0181.csproj", "{8CA7ED5D-F80D-433E-8954-6C4AE3F94C3C}"
EndProject
Project("{9A19103F-16F7-4668-BE54-9A1E7A4F7556}") = "R5T.T0185", "../../R5T.T0185/source/R5T.T0185/R5T.T0185.csproj", "{9125AE30-F25F-4897-9B1E-C7A8DAFF4DE8}"
EndProject
Project("{9A19103F-16F7-4668-BE54-9A1E7A4F7556}") = "R5T.T0199.T000", "../../R5T.T0199/source/R5T.T0199.T000/R5T.T0199.T000.csproj", "{00E5922E-0A4C-4DDF-8007-C3E5DBF0553C}"
EndProject
Project("{9A19103F-16F7-4668-BE54-9A1E7A4F7556}") = "R5T.T0199.T001", "../../R5T.T0199/source/R5T.T0199.T001/R5T.T0199.T001.csproj", "{B23A3502-BFC2-480C-9B93-02EFBBCAA57F}"
EndProject
Project("{9A19103F-16F7-4668-BE54-9A1E7A4F7556}") = "R5T.T0199", "../../R5T.T0199/source/R5T.T0199/R5T.T0199.csproj", "{ED253B14-A639-4FCD-858B-9133FA2EC188}"
EndProject
Project("{9A19103F-16F7-4668-BE54-9A1E7A4F7556}") = "R5T.T0203", "../../R5T.T0203/source/R5T.T0203/R5T.T0203.csproj", "{0E2B070C-F0DE-41D0-9A76-4978AFFB7FBB}"
EndProject
Project("{9A19103F-16F7-4668-BE54-9A1E7A4F7556}") = "R5T.T0213", "../../R5T.T0213/source/R5T.T0213/R5T.T0213.csproj", "{F952D7D7-00C1-48B4-BE85-755310A83966}"
EndProject
Project("{9A19103F-16F7-4668-BE54-9A1E7A4F7556}") = "R5T.T0218", "../../R5T.T0218/source/R5T.T0218/R5T.T0218.csproj", "{685B5C8B-53A5-40E2-BF9A-C17B1DA308EC}"
EndProject
Project("{9A19103F-16F7-4668-BE54-9A1E7A4F7556}") = "R5T.T0219", "../../R5T.T0219/source/R5T.T0219/R5T.T0219.csproj", "{7D8229D9-A9DA-44E2-8BD9-6D75A75B4A5A}"
EndProject
Project("{9A19103F-16F7-4668-BE54-9A1E7A4F7556}") = "R5T.T0220", "../../R5T.T0220/source/R5T.T0220/R5T.T0220.csproj", "{B4E6FE70-AD4E-4EE5-9B03-47EFD832EF5A}"
EndProject
Project("{9A19103F-16F7-4668-BE54-9A1E7A4F7556}") = "R5T.T0221", "../../R5T.T0221/source/R5T.T0221/R5T.T0221.csproj", "{19012A5E-1B21-4FDB-814B-BAD1505B6C59}"
EndProject
Project("{9A19103F-16F7-4668-BE54-9A1E7A4F7556}") = "R5T.T0227", "../../R5T.T0227/source/R5T.T0227/R5T.T0227.csproj", "{6FAF3EFD-2D7D-4668-8CFA-BE4052EB9C92}"
EndProject
Project("{9A19103F-16F7-4668-BE54-9A1E7A4F7556}") = "R5T.Y0000", "../../R5T.Y0000/source/R5T.Y0000/R5T.Y0000.csproj", "{004B66C0-AA99-4970-B802-FF12BEFB930D}"
EndProject
Project("{9A19103F-16F7-4668-BE54-9A1E7A4F7556}") = "R5T.Y0006", "../../R5T.Y0006/source/R5T.Y0006/R5T.Y0006.csproj", "{010233F3-1158-434A-8A8C-BCE81EB81095}"
EndProject
Project("{9A19103F-16F7-4668-BE54-9A1E7A4F7556}") = "R5T.Z0000", "../../R5T.Z0000/source/R5T.Z0000/R5T.Z0000.csproj", "{06DC3FC6-5B74-42C9-B817-019CD9539E49}"
EndProject
Project("{9A19103F-16F7-4668-BE54-9A1E7A4F7556}") = "R5T.Z0010.Platform", "../../R5T.Z0010/source/R5T.Z0010.Platform/R5T.Z0010.Platform.csproj", "{15F58CA7-2555-44F2-A949-B8768340D2A6}"
EndProject
Project("{9A19103F-16F7-4668-BE54-9A1E7A4F7556}") = "R5T.Z0010", "../../R5T.Z0010/source/R5T.Z0010/R5T.Z0010.csproj", "{795D1D10-E8ED-40E4-AB28-A9DD23C3A8C3}"
EndProject
Project("{9A19103F-16F7-4668-BE54-9A1E7A4F7556}") = "R5T.Z0057.Platform", "../../R5T.Z0057/source/R5T.Z0057.Platform/R5T.Z0057.Platform.csproj", "{B3386C75-26AF-4907-B3BF-81054AAFB466}"
EndProject
Project("{9A19103F-16F7-4668-BE54-9A1E7A4F7556}") = "R5T.Z0057", "../../R5T.Z0057/source/R5T.Z0057/R5T.Z0057.csproj", "{C4A358B6-09F6-483E-B50D-78F95105C3FE}"
EndProject
Project("{9A19103F-16F7-4668-BE54-9A1E7A4F7556}") = "R5T.Z0058", "../../R5T.Z0058/source/R5T.Z0058/R5T.Z0058.csproj", "{8864CA31-0948-43BE-9799-B6DDA02759BC}"
EndProject
Project("{9A19103F-16F7-4668-BE54-9A1E7A4F7556}") = "R5T.NG0017", "..\..\R5T.NG0017\source\R5T.NG0017\R5T.NG0017.csproj", "{F082C9BE-0402-459A-85D2-A917A543F0BD}"
EndProject
Project("{9A19103F-16F7-4668-BE54-9A1E7A4F7556}") = "R5T.L0088.F002", "R5T.L0088.F002/R5T.L0088.F002.csproj", "{1E1787D8-A845-4384-8DFD-D79D1E9D4849}"
EndProject
Project("{9A19103F-16F7-4668-BE54-9A1E7A4F7556}") = "R5T.T0239", "..\..\R5T.T0239\source\R5T.T0239\R5T.T0239.csproj", "{F4F7DA4F-3A8D-439C-A300-B6433729E614}"
EndProject
Project("{9A19103F-16F7-4668-BE54-9A1E7A4F7556}") = "R5T.T0240", "..\..\R5T.T0240\source\R5T.T0240\R5T.T0240.csproj", "{154B2745-3A45-461F-8750-680C6220831E}"
EndProject
Global
	GlobalSection(NestedProjects) = preSolution
		{EBCA1780-D687-40A3-BD6D-83ABDDA4DF5D} = {03D649ED-8D97-4A19-9F3C-D03EBBF30737}
		{3E7D81E5-6956-479C-BB5C-24FBCBC1CAB1} = {03D649ED-8D97-4A19-9F3C-D03EBBF30737}
		{59D894E2-AFE6-401E-99FF-2BBB5364592F} = {03D649ED-8D97-4A19-9F3C-D03EBBF30737}
		{411A8C32-3475-461C-BDE3-CEB256048456} = {03D649ED-8D97-4A19-9F3C-D03EBBF30737}
		{74134158-EC0E-498A-8FC9-C3FF74B9518E} = {03D649ED-8D97-4A19-9F3C-D03EBBF30737}
		{01BC9C64-2F8C-4E1D-9255-A50BDAD67234} = {03D649ED-8D97-4A19-9F3C-D03EBBF30737}
		{43372D7D-BE8B-4EFB-B59E-629A8B3379DD} = {03D649ED-8D97-4A19-9F3C-D03EBBF30737}
		{F39B43B9-46C2-41E2-95C4-D3173A4B223E} = {03D649ED-8D97-4A19-9F3C-D03EBBF30737}
		{E629F6AA-B3D5-47E2-B74C-130FF96B2993} = {03D649ED-8D97-4A19-9F3C-D03EBBF30737}
		{AD12C8A2-8D45-4A1C-8607-F454B78EB78B} = {03D649ED-8D97-4A19-9F3C-D03EBBF30737}
		{59DF4F46-3804-4335-AFB3-C9B6C0A0C033} = {03D649ED-8D97-4A19-9F3C-D03EBBF30737}
		{95198CD9-95D4-4201-8C39-CB50EA0E4632} = {03D649ED-8D97-4A19-9F3C-D03EBBF30737}
		{075576BA-CA82-45BE-A48C-4F73D71155E8} = {03D649ED-8D97-4A19-9F3C-D03EBBF30737}
		{460A9995-F7C4-419C-A7A2-F87983E8BD4C} = {03D649ED-8D97-4A19-9F3C-D03EBBF30737}
		{9FF07237-12AD-4380-8796-D8080A9126BE} = {03D649ED-8D97-4A19-9F3C-D03EBBF30737}
		{5275A515-266A-457E-87DA-1B0BC861D9FE} = {03D649ED-8D97-4A19-9F3C-D03EBBF30737}
		{9FAFA8DE-4DF9-4C3B-989E-206684C529A6} = {03D649ED-8D97-4A19-9F3C-D03EBBF30737}
		{3A28C37C-E39E-4569-930C-3D530068A032} = {03D649ED-8D97-4A19-9F3C-D03EBBF30737}
		{8319E0AD-2BA0-4C25-AE0C-75AF02C194A1} = {03D649ED-8D97-4A19-9F3C-D03EBBF30737}
		{AF55D33D-916B-4D1F-8788-FF2330B229A1} = {03D649ED-8D97-4A19-9F3C-D03EBBF30737}
		{28423413-D0E5-4595-975B-74E9046A2C90} = {03D649ED-8D97-4A19-9F3C-D03EBBF30737}
		{BA67093F-8D3D-40A2-812C-53033C4AC7B3} = {03D649ED-8D97-4A19-9F3C-D03EBBF30737}
		{CE68A273-B965-4B90-8576-984258934193} = {03D649ED-8D97-4A19-9F3C-D03EBBF30737}
		{A01D01C7-EA90-493F-83E7-200990D5D504} = {03D649ED-8D97-4A19-9F3C-D03EBBF30737}
		{473E90C9-1FD9-4DC7-8021-6D96FDBD0DB4} = {03D649ED-8D97-4A19-9F3C-D03EBBF30737}
		{D36FDBC5-0802-4A41-AB91-B97392508A3A} = {03D649ED-8D97-4A19-9F3C-D03EBBF30737}
		{BAFE3822-8208-490E-BA08-5DF7518FEEBD} = {03D649ED-8D97-4A19-9F3C-D03EBBF30737}
		{AB008332-0BCF-43AF-A3AC-13CB04826421} = {03D649ED-8D97-4A19-9F3C-D03EBBF30737}
		{A68BFBCB-E057-42CB-91F7-F64345E3A3CD} = {03D649ED-8D97-4A19-9F3C-D03EBBF30737}
		{ECEBBE96-BB25-4CA0-A50A-7307723ADB65} = {03D649ED-8D97-4A19-9F3C-D03EBBF30737}
		{D0FED1DE-7491-43AC-A500-88AFDACC1021} = {03D649ED-8D97-4A19-9F3C-D03EBBF30737}
		{64D2DBCC-607F-4DC7-92FB-4518CE26C97B} = {03D649ED-8D97-4A19-9F3C-D03EBBF30737}
		{DFD24D2A-6A9A-43AD-9664-F44E4273E6B6} = {03D649ED-8D97-4A19-9F3C-D03EBBF30737}
		{8CA7ED5D-F80D-433E-8954-6C4AE3F94C3C} = {03D649ED-8D97-4A19-9F3C-D03EBBF30737}
		{9125AE30-F25F-4897-9B1E-C7A8DAFF4DE8} = {03D649ED-8D97-4A19-9F3C-D03EBBF30737}
		{00E5922E-0A4C-4DDF-8007-C3E5DBF0553C} = {03D649ED-8D97-4A19-9F3C-D03EBBF30737}
		{B23A3502-BFC2-480C-9B93-02EFBBCAA57F} = {03D649ED-8D97-4A19-9F3C-D03EBBF30737}
		{ED253B14-A639-4FCD-858B-9133FA2EC188} = {03D649ED-8D97-4A19-9F3C-D03EBBF30737}
		{0E2B070C-F0DE-41D0-9A76-4978AFFB7FBB} = {03D649ED-8D97-4A19-9F3C-D03EBBF30737}
		{F952D7D7-00C1-48B4-BE85-755310A83966} = {03D649ED-8D97-4A19-9F3C-D03EBBF30737}
		{685B5C8B-53A5-40E2-BF9A-C17B1DA308EC} = {03D649ED-8D97-4A19-9F3C-D03EBBF30737}
		{7D8229D9-A9DA-44E2-8BD9-6D75A75B4A5A} = {03D649ED-8D97-4A19-9F3C-D03EBBF30737}
		{B4E6FE70-AD4E-4EE5-9B03-47EFD832EF5A} = {03D649ED-8D97-4A19-9F3C-D03EBBF30737}
		{19012A5E-1B21-4FDB-814B-BAD1505B6C59} = {03D649ED-8D97-4A19-9F3C-D03EBBF30737}
		{6FAF3EFD-2D7D-4668-8CFA-BE4052EB9C92} = {03D649ED-8D97-4A19-9F3C-D03EBBF30737}
		{004B66C0-AA99-4970-B802-FF12BEFB930D} = {03D649ED-8D97-4A19-9F3C-D03EBBF30737}
		{010233F3-1158-434A-8A8C-BCE81EB81095} = {03D649ED-8D97-4A19-9F3C-D03EBBF30737}
		{06DC3FC6-5B74-42C9-B817-019CD9539E49} = {03D649ED-8D97-4A19-9F3C-D03EBBF30737}
		{15F58CA7-2555-44F2-A949-B8768340D2A6} = {03D649ED-8D97-4A19-9F3C-D03EBBF30737}
		{795D1D10-E8ED-40E4-AB28-A9DD23C3A8C3} = {03D649ED-8D97-4A19-9F3C-D03EBBF30737}
		{B3386C75-26AF-4907-B3BF-81054AAFB466} = {03D649ED-8D97-4A19-9F3C-D03EBBF30737}
		{C4A358B6-09F6-483E-B50D-78F95105C3FE} = {03D649ED-8D97-4A19-9F3C-D03EBBF30737}
		{8864CA31-0948-43BE-9799-B6DDA02759BC} = {03D649ED-8D97-4A19-9F3C-D03EBBF30737}
		{F082C9BE-0402-459A-85D2-A917A543F0BD} = {03D649ED-8D97-4A19-9F3C-D03EBBF30737}
		{F4F7DA4F-3A8D-439C-A300-B6433729E614} = {03D649ED-8D97-4A19-9F3C-D03EBBF30737}
		{154B2745-3A45-461F-8750-680C6220831E} = {03D649ED-8D97-4A19-9F3C-D03EBBF30737}
	EndGlobalSection
	GlobalSection(SolutionConfigurationPlatforms) = preSolution
		Debug|Any CPU = Debug|Any CPU
		Release|Any CPU = Release|Any CPU
	EndGlobalSection
	GlobalSection(ProjectConfigurationPlatforms) = postSolution
		{FFD30F1D-B556-4C99-9A88-11A657832696}.Debug|Any CPU.ActiveCfg = Debug|Any CPU
		{FFD30F1D-B556-4C99-9A88-11A657832696}.Debug|Any CPU.Build.0 = Debug|Any CPU
		{FFD30F1D-B556-4C99-9A88-11A657832696}.Release|Any CPU.ActiveCfg = Release|Any CPU
		{FFD30F1D-B556-4C99-9A88-11A657832696}.Release|Any CPU.Build.0 = Release|Any CPU
		{0A1D1C48-A415-48FC-99D7-75C635865925}.Debug|Any CPU.ActiveCfg = Debug|Any CPU
		{0A1D1C48-A415-48FC-99D7-75C635865925}.Debug|Any CPU.Build.0 = Debug|Any CPU
		{0A1D1C48-A415-48FC-99D7-75C635865925}.Release|Any CPU.ActiveCfg = Release|Any CPU
		{0A1D1C48-A415-48FC-99D7-75C635865925}.Release|Any CPU.Build.0 = Release|Any CPU
		{45BB723B-794E-46C0-94F4-CA63D521C876}.Debug|Any CPU.ActiveCfg = Debug|Any CPU
		{45BB723B-794E-46C0-94F4-CA63D521C876}.Debug|Any CPU.Build.0 = Debug|Any CPU
		{45BB723B-794E-46C0-94F4-CA63D521C876}.Release|Any CPU.ActiveCfg = Release|Any CPU
		{45BB723B-794E-46C0-94F4-CA63D521C876}.Release|Any CPU.Build.0 = Release|Any CPU
		{EBCA1780-D687-40A3-BD6D-83ABDDA4DF5D}.Debug|Any CPU.ActiveCfg = Debug|Any CPU
		{EBCA1780-D687-40A3-BD6D-83ABDDA4DF5D}.Debug|Any CPU.Build.0 = Debug|Any CPU
		{EBCA1780-D687-40A3-BD6D-83ABDDA4DF5D}.Release|Any CPU.ActiveCfg = Release|Any CPU
		{EBCA1780-D687-40A3-BD6D-83ABDDA4DF5D}.Release|Any CPU.Build.0 = Release|Any CPU
		{3E7D81E5-6956-479C-BB5C-24FBCBC1CAB1}.Debug|Any CPU.ActiveCfg = Debug|Any CPU
		{3E7D81E5-6956-479C-BB5C-24FBCBC1CAB1}.Debug|Any CPU.Build.0 = Debug|Any CPU
		{3E7D81E5-6956-479C-BB5C-24FBCBC1CAB1}.Release|Any CPU.ActiveCfg = Release|Any CPU
		{3E7D81E5-6956-479C-BB5C-24FBCBC1CAB1}.Release|Any CPU.Build.0 = Release|Any CPU
		{59D894E2-AFE6-401E-99FF-2BBB5364592F}.Debug|Any CPU.ActiveCfg = Debug|Any CPU
		{59D894E2-AFE6-401E-99FF-2BBB5364592F}.Debug|Any CPU.Build.0 = Debug|Any CPU
		{59D894E2-AFE6-401E-99FF-2BBB5364592F}.Release|Any CPU.ActiveCfg = Release|Any CPU
		{59D894E2-AFE6-401E-99FF-2BBB5364592F}.Release|Any CPU.Build.0 = Release|Any CPU
		{411A8C32-3475-461C-BDE3-CEB256048456}.Debug|Any CPU.ActiveCfg = Debug|Any CPU
		{411A8C32-3475-461C-BDE3-CEB256048456}.Debug|Any CPU.Build.0 = Debug|Any CPU
		{411A8C32-3475-461C-BDE3-CEB256048456}.Release|Any CPU.ActiveCfg = Release|Any CPU
		{411A8C32-3475-461C-BDE3-CEB256048456}.Release|Any CPU.Build.0 = Release|Any CPU
		{74134158-EC0E-498A-8FC9-C3FF74B9518E}.Debug|Any CPU.ActiveCfg = Debug|Any CPU
		{74134158-EC0E-498A-8FC9-C3FF74B9518E}.Debug|Any CPU.Build.0 = Debug|Any CPU
		{74134158-EC0E-498A-8FC9-C3FF74B9518E}.Release|Any CPU.ActiveCfg = Release|Any CPU
		{74134158-EC0E-498A-8FC9-C3FF74B9518E}.Release|Any CPU.Build.0 = Release|Any CPU
		{01BC9C64-2F8C-4E1D-9255-A50BDAD67234}.Debug|Any CPU.ActiveCfg = Debug|Any CPU
		{01BC9C64-2F8C-4E1D-9255-A50BDAD67234}.Debug|Any CPU.Build.0 = Debug|Any CPU
		{01BC9C64-2F8C-4E1D-9255-A50BDAD67234}.Release|Any CPU.ActiveCfg = Release|Any CPU
		{01BC9C64-2F8C-4E1D-9255-A50BDAD67234}.Release|Any CPU.Build.0 = Release|Any CPU
		{43372D7D-BE8B-4EFB-B59E-629A8B3379DD}.Debug|Any CPU.ActiveCfg = Debug|Any CPU
		{43372D7D-BE8B-4EFB-B59E-629A8B3379DD}.Debug|Any CPU.Build.0 = Debug|Any CPU
		{43372D7D-BE8B-4EFB-B59E-629A8B3379DD}.Release|Any CPU.ActiveCfg = Release|Any CPU
		{43372D7D-BE8B-4EFB-B59E-629A8B3379DD}.Release|Any CPU.Build.0 = Release|Any CPU
		{F39B43B9-46C2-41E2-95C4-D3173A4B223E}.Debug|Any CPU.ActiveCfg = Debug|Any CPU
		{F39B43B9-46C2-41E2-95C4-D3173A4B223E}.Debug|Any CPU.Build.0 = Debug|Any CPU
		{F39B43B9-46C2-41E2-95C4-D3173A4B223E}.Release|Any CPU.ActiveCfg = Release|Any CPU
		{F39B43B9-46C2-41E2-95C4-D3173A4B223E}.Release|Any CPU.Build.0 = Release|Any CPU
		{E629F6AA-B3D5-47E2-B74C-130FF96B2993}.Debug|Any CPU.ActiveCfg = Debug|Any CPU
		{E629F6AA-B3D5-47E2-B74C-130FF96B2993}.Debug|Any CPU.Build.0 = Debug|Any CPU
		{E629F6AA-B3D5-47E2-B74C-130FF96B2993}.Release|Any CPU.ActiveCfg = Release|Any CPU
		{E629F6AA-B3D5-47E2-B74C-130FF96B2993}.Release|Any CPU.Build.0 = Release|Any CPU
		{AD12C8A2-8D45-4A1C-8607-F454B78EB78B}.Debug|Any CPU.ActiveCfg = Debug|Any CPU
		{AD12C8A2-8D45-4A1C-8607-F454B78EB78B}.Debug|Any CPU.Build.0 = Debug|Any CPU
		{AD12C8A2-8D45-4A1C-8607-F454B78EB78B}.Release|Any CPU.ActiveCfg = Release|Any CPU
		{AD12C8A2-8D45-4A1C-8607-F454B78EB78B}.Release|Any CPU.Build.0 = Release|Any CPU
		{59DF4F46-3804-4335-AFB3-C9B6C0A0C033}.Debug|Any CPU.ActiveCfg = Debug|Any CPU
		{59DF4F46-3804-4335-AFB3-C9B6C0A0C033}.Debug|Any CPU.Build.0 = Debug|Any CPU
		{59DF4F46-3804-4335-AFB3-C9B6C0A0C033}.Release|Any CPU.ActiveCfg = Release|Any CPU
		{59DF4F46-3804-4335-AFB3-C9B6C0A0C033}.Release|Any CPU.Build.0 = Release|Any CPU
		{95198CD9-95D4-4201-8C39-CB50EA0E4632}.Debug|Any CPU.ActiveCfg = Debug|Any CPU
		{95198CD9-95D4-4201-8C39-CB50EA0E4632}.Debug|Any CPU.Build.0 = Debug|Any CPU
		{95198CD9-95D4-4201-8C39-CB50EA0E4632}.Release|Any CPU.ActiveCfg = Release|Any CPU
		{95198CD9-95D4-4201-8C39-CB50EA0E4632}.Release|Any CPU.Build.0 = Release|Any CPU
		{075576BA-CA82-45BE-A48C-4F73D71155E8}.Debug|Any CPU.ActiveCfg = Debug|Any CPU
		{075576BA-CA82-45BE-A48C-4F73D71155E8}.Debug|Any CPU.Build.0 = Debug|Any CPU
		{075576BA-CA82-45BE-A48C-4F73D71155E8}.Release|Any CPU.ActiveCfg = Release|Any CPU
		{075576BA-CA82-45BE-A48C-4F73D71155E8}.Release|Any CPU.Build.0 = Release|Any CPU
		{460A9995-F7C4-419C-A7A2-F87983E8BD4C}.Debug|Any CPU.ActiveCfg = Debug|Any CPU
		{460A9995-F7C4-419C-A7A2-F87983E8BD4C}.Debug|Any CPU.Build.0 = Debug|Any CPU
		{460A9995-F7C4-419C-A7A2-F87983E8BD4C}.Release|Any CPU.ActiveCfg = Release|Any CPU
		{460A9995-F7C4-419C-A7A2-F87983E8BD4C}.Release|Any CPU.Build.0 = Release|Any CPU
		{9FF07237-12AD-4380-8796-D8080A9126BE}.Debug|Any CPU.ActiveCfg = Debug|Any CPU
		{9FF07237-12AD-4380-8796-D8080A9126BE}.Debug|Any CPU.Build.0 = Debug|Any CPU
		{9FF07237-12AD-4380-8796-D8080A9126BE}.Release|Any CPU.ActiveCfg = Release|Any CPU
		{9FF07237-12AD-4380-8796-D8080A9126BE}.Release|Any CPU.Build.0 = Release|Any CPU
		{5275A515-266A-457E-87DA-1B0BC861D9FE}.Debug|Any CPU.ActiveCfg = Debug|Any CPU
		{5275A515-266A-457E-87DA-1B0BC861D9FE}.Debug|Any CPU.Build.0 = Debug|Any CPU
		{5275A515-266A-457E-87DA-1B0BC861D9FE}.Release|Any CPU.ActiveCfg = Release|Any CPU
		{5275A515-266A-457E-87DA-1B0BC861D9FE}.Release|Any CPU.Build.0 = Release|Any CPU
		{9FAFA8DE-4DF9-4C3B-989E-206684C529A6}.Debug|Any CPU.ActiveCfg = Debug|Any CPU
		{9FAFA8DE-4DF9-4C3B-989E-206684C529A6}.Debug|Any CPU.Build.0 = Debug|Any CPU
		{9FAFA8DE-4DF9-4C3B-989E-206684C529A6}.Release|Any CPU.ActiveCfg = Release|Any CPU
		{9FAFA8DE-4DF9-4C3B-989E-206684C529A6}.Release|Any CPU.Build.0 = Release|Any CPU
		{3A28C37C-E39E-4569-930C-3D530068A032}.Debug|Any CPU.ActiveCfg = Debug|Any CPU
		{3A28C37C-E39E-4569-930C-3D530068A032}.Debug|Any CPU.Build.0 = Debug|Any CPU
		{3A28C37C-E39E-4569-930C-3D530068A032}.Release|Any CPU.ActiveCfg = Release|Any CPU
		{3A28C37C-E39E-4569-930C-3D530068A032}.Release|Any CPU.Build.0 = Release|Any CPU
		{8319E0AD-2BA0-4C25-AE0C-75AF02C194A1}.Debug|Any CPU.ActiveCfg = Debug|Any CPU
		{8319E0AD-2BA0-4C25-AE0C-75AF02C194A1}.Debug|Any CPU.Build.0 = Debug|Any CPU
		{8319E0AD-2BA0-4C25-AE0C-75AF02C194A1}.Release|Any CPU.ActiveCfg = Release|Any CPU
		{8319E0AD-2BA0-4C25-AE0C-75AF02C194A1}.Release|Any CPU.Build.0 = Release|Any CPU
		{AF55D33D-916B-4D1F-8788-FF2330B229A1}.Debug|Any CPU.ActiveCfg = Debug|Any CPU
		{AF55D33D-916B-4D1F-8788-FF2330B229A1}.Debug|Any CPU.Build.0 = Debug|Any CPU
		{AF55D33D-916B-4D1F-8788-FF2330B229A1}.Release|Any CPU.ActiveCfg = Release|Any CPU
		{AF55D33D-916B-4D1F-8788-FF2330B229A1}.Release|Any CPU.Build.0 = Release|Any CPU
		{28423413-D0E5-4595-975B-74E9046A2C90}.Debug|Any CPU.ActiveCfg = Debug|Any CPU
		{28423413-D0E5-4595-975B-74E9046A2C90}.Debug|Any CPU.Build.0 = Debug|Any CPU
		{28423413-D0E5-4595-975B-74E9046A2C90}.Release|Any CPU.ActiveCfg = Release|Any CPU
		{28423413-D0E5-4595-975B-74E9046A2C90}.Release|Any CPU.Build.0 = Release|Any CPU
		{BA67093F-8D3D-40A2-812C-53033C4AC7B3}.Debug|Any CPU.ActiveCfg = Debug|Any CPU
		{BA67093F-8D3D-40A2-812C-53033C4AC7B3}.Debug|Any CPU.Build.0 = Debug|Any CPU
		{BA67093F-8D3D-40A2-812C-53033C4AC7B3}.Release|Any CPU.ActiveCfg = Release|Any CPU
		{BA67093F-8D3D-40A2-812C-53033C4AC7B3}.Release|Any CPU.Build.0 = Release|Any CPU
		{CE68A273-B965-4B90-8576-984258934193}.Debug|Any CPU.ActiveCfg = Debug|Any CPU
		{CE68A273-B965-4B90-8576-984258934193}.Debug|Any CPU.Build.0 = Debug|Any CPU
		{CE68A273-B965-4B90-8576-984258934193}.Release|Any CPU.ActiveCfg = Release|Any CPU
		{CE68A273-B965-4B90-8576-984258934193}.Release|Any CPU.Build.0 = Release|Any CPU
		{A01D01C7-EA90-493F-83E7-200990D5D504}.Debug|Any CPU.ActiveCfg = Debug|Any CPU
		{A01D01C7-EA90-493F-83E7-200990D5D504}.Debug|Any CPU.Build.0 = Debug|Any CPU
		{A01D01C7-EA90-493F-83E7-200990D5D504}.Release|Any CPU.ActiveCfg = Release|Any CPU
		{A01D01C7-EA90-493F-83E7-200990D5D504}.Release|Any CPU.Build.0 = Release|Any CPU
		{473E90C9-1FD9-4DC7-8021-6D96FDBD0DB4}.Debug|Any CPU.ActiveCfg = Debug|Any CPU
		{473E90C9-1FD9-4DC7-8021-6D96FDBD0DB4}.Debug|Any CPU.Build.0 = Debug|Any CPU
		{473E90C9-1FD9-4DC7-8021-6D96FDBD0DB4}.Release|Any CPU.ActiveCfg = Release|Any CPU
		{473E90C9-1FD9-4DC7-8021-6D96FDBD0DB4}.Release|Any CPU.Build.0 = Release|Any CPU
		{D36FDBC5-0802-4A41-AB91-B97392508A3A}.Debug|Any CPU.ActiveCfg = Debug|Any CPU
		{D36FDBC5-0802-4A41-AB91-B97392508A3A}.Debug|Any CPU.Build.0 = Debug|Any CPU
		{D36FDBC5-0802-4A41-AB91-B97392508A3A}.Release|Any CPU.ActiveCfg = Release|Any CPU
		{D36FDBC5-0802-4A41-AB91-B97392508A3A}.Release|Any CPU.Build.0 = Release|Any CPU
		{BAFE3822-8208-490E-BA08-5DF7518FEEBD}.Debug|Any CPU.ActiveCfg = Debug|Any CPU
		{BAFE3822-8208-490E-BA08-5DF7518FEEBD}.Debug|Any CPU.Build.0 = Debug|Any CPU
		{BAFE3822-8208-490E-BA08-5DF7518FEEBD}.Release|Any CPU.ActiveCfg = Release|Any CPU
		{BAFE3822-8208-490E-BA08-5DF7518FEEBD}.Release|Any CPU.Build.0 = Release|Any CPU
		{AB008332-0BCF-43AF-A3AC-13CB04826421}.Debug|Any CPU.ActiveCfg = Debug|Any CPU
		{AB008332-0BCF-43AF-A3AC-13CB04826421}.Debug|Any CPU.Build.0 = Debug|Any CPU
		{AB008332-0BCF-43AF-A3AC-13CB04826421}.Release|Any CPU.ActiveCfg = Release|Any CPU
		{AB008332-0BCF-43AF-A3AC-13CB04826421}.Release|Any CPU.Build.0 = Release|Any CPU
		{A68BFBCB-E057-42CB-91F7-F64345E3A3CD}.Debug|Any CPU.ActiveCfg = Debug|Any CPU
		{A68BFBCB-E057-42CB-91F7-F64345E3A3CD}.Debug|Any CPU.Build.0 = Debug|Any CPU
		{A68BFBCB-E057-42CB-91F7-F64345E3A3CD}.Release|Any CPU.ActiveCfg = Release|Any CPU
		{A68BFBCB-E057-42CB-91F7-F64345E3A3CD}.Release|Any CPU.Build.0 = Release|Any CPU
		{ECEBBE96-BB25-4CA0-A50A-7307723ADB65}.Debug|Any CPU.ActiveCfg = Debug|Any CPU
		{ECEBBE96-BB25-4CA0-A50A-7307723ADB65}.Debug|Any CPU.Build.0 = Debug|Any CPU
		{ECEBBE96-BB25-4CA0-A50A-7307723ADB65}.Release|Any CPU.ActiveCfg = Release|Any CPU
		{ECEBBE96-BB25-4CA0-A50A-7307723ADB65}.Release|Any CPU.Build.0 = Release|Any CPU
		{D0FED1DE-7491-43AC-A500-88AFDACC1021}.Debug|Any CPU.ActiveCfg = Debug|Any CPU
		{D0FED1DE-7491-43AC-A500-88AFDACC1021}.Debug|Any CPU.Build.0 = Debug|Any CPU
		{D0FED1DE-7491-43AC-A500-88AFDACC1021}.Release|Any CPU.ActiveCfg = Release|Any CPU
		{D0FED1DE-7491-43AC-A500-88AFDACC1021}.Release|Any CPU.Build.0 = Release|Any CPU
		{64D2DBCC-607F-4DC7-92FB-4518CE26C97B}.Debug|Any CPU.ActiveCfg = Debug|Any CPU
		{64D2DBCC-607F-4DC7-92FB-4518CE26C97B}.Debug|Any CPU.Build.0 = Debug|Any CPU
		{64D2DBCC-607F-4DC7-92FB-4518CE26C97B}.Release|Any CPU.ActiveCfg = Release|Any CPU
		{64D2DBCC-607F-4DC7-92FB-4518CE26C97B}.Release|Any CPU.Build.0 = Release|Any CPU
		{DFD24D2A-6A9A-43AD-9664-F44E4273E6B6}.Debug|Any CPU.ActiveCfg = Debug|Any CPU
		{DFD24D2A-6A9A-43AD-9664-F44E4273E6B6}.Debug|Any CPU.Build.0 = Debug|Any CPU
		{DFD24D2A-6A9A-43AD-9664-F44E4273E6B6}.Release|Any CPU.ActiveCfg = Release|Any CPU
		{DFD24D2A-6A9A-43AD-9664-F44E4273E6B6}.Release|Any CPU.Build.0 = Release|Any CPU
		{8CA7ED5D-F80D-433E-8954-6C4AE3F94C3C}.Debug|Any CPU.ActiveCfg = Debug|Any CPU
		{8CA7ED5D-F80D-433E-8954-6C4AE3F94C3C}.Debug|Any CPU.Build.0 = Debug|Any CPU
		{8CA7ED5D-F80D-433E-8954-6C4AE3F94C3C}.Release|Any CPU.ActiveCfg = Release|Any CPU
		{8CA7ED5D-F80D-433E-8954-6C4AE3F94C3C}.Release|Any CPU.Build.0 = Release|Any CPU
		{9125AE30-F25F-4897-9B1E-C7A8DAFF4DE8}.Debug|Any CPU.ActiveCfg = Debug|Any CPU
		{9125AE30-F25F-4897-9B1E-C7A8DAFF4DE8}.Debug|Any CPU.Build.0 = Debug|Any CPU
		{9125AE30-F25F-4897-9B1E-C7A8DAFF4DE8}.Release|Any CPU.ActiveCfg = Release|Any CPU
		{9125AE30-F25F-4897-9B1E-C7A8DAFF4DE8}.Release|Any CPU.Build.0 = Release|Any CPU
		{00E5922E-0A4C-4DDF-8007-C3E5DBF0553C}.Debug|Any CPU.ActiveCfg = Debug|Any CPU
		{00E5922E-0A4C-4DDF-8007-C3E5DBF0553C}.Debug|Any CPU.Build.0 = Debug|Any CPU
		{00E5922E-0A4C-4DDF-8007-C3E5DBF0553C}.Release|Any CPU.ActiveCfg = Release|Any CPU
		{00E5922E-0A4C-4DDF-8007-C3E5DBF0553C}.Release|Any CPU.Build.0 = Release|Any CPU
		{B23A3502-BFC2-480C-9B93-02EFBBCAA57F}.Debug|Any CPU.ActiveCfg = Debug|Any CPU
		{B23A3502-BFC2-480C-9B93-02EFBBCAA57F}.Debug|Any CPU.Build.0 = Debug|Any CPU
		{B23A3502-BFC2-480C-9B93-02EFBBCAA57F}.Release|Any CPU.ActiveCfg = Release|Any CPU
		{B23A3502-BFC2-480C-9B93-02EFBBCAA57F}.Release|Any CPU.Build.0 = Release|Any CPU
		{ED253B14-A639-4FCD-858B-9133FA2EC188}.Debug|Any CPU.ActiveCfg = Debug|Any CPU
		{ED253B14-A639-4FCD-858B-9133FA2EC188}.Debug|Any CPU.Build.0 = Debug|Any CPU
		{ED253B14-A639-4FCD-858B-9133FA2EC188}.Release|Any CPU.ActiveCfg = Release|Any CPU
		{ED253B14-A639-4FCD-858B-9133FA2EC188}.Release|Any CPU.Build.0 = Release|Any CPU
		{0E2B070C-F0DE-41D0-9A76-4978AFFB7FBB}.Debug|Any CPU.ActiveCfg = Debug|Any CPU
		{0E2B070C-F0DE-41D0-9A76-4978AFFB7FBB}.Debug|Any CPU.Build.0 = Debug|Any CPU
		{0E2B070C-F0DE-41D0-9A76-4978AFFB7FBB}.Release|Any CPU.ActiveCfg = Release|Any CPU
		{0E2B070C-F0DE-41D0-9A76-4978AFFB7FBB}.Release|Any CPU.Build.0 = Release|Any CPU
		{F952D7D7-00C1-48B4-BE85-755310A83966}.Debug|Any CPU.ActiveCfg = Debug|Any CPU
		{F952D7D7-00C1-48B4-BE85-755310A83966}.Debug|Any CPU.Build.0 = Debug|Any CPU
		{F952D7D7-00C1-48B4-BE85-755310A83966}.Release|Any CPU.ActiveCfg = Release|Any CPU
		{F952D7D7-00C1-48B4-BE85-755310A83966}.Release|Any CPU.Build.0 = Release|Any CPU
		{685B5C8B-53A5-40E2-BF9A-C17B1DA308EC}.Debug|Any CPU.ActiveCfg = Debug|Any CPU
		{685B5C8B-53A5-40E2-BF9A-C17B1DA308EC}.Debug|Any CPU.Build.0 = Debug|Any CPU
		{685B5C8B-53A5-40E2-BF9A-C17B1DA308EC}.Release|Any CPU.ActiveCfg = Release|Any CPU
		{685B5C8B-53A5-40E2-BF9A-C17B1DA308EC}.Release|Any CPU.Build.0 = Release|Any CPU
		{7D8229D9-A9DA-44E2-8BD9-6D75A75B4A5A}.Debug|Any CPU.ActiveCfg = Debug|Any CPU
		{7D8229D9-A9DA-44E2-8BD9-6D75A75B4A5A}.Debug|Any CPU.Build.0 = Debug|Any CPU
		{7D8229D9-A9DA-44E2-8BD9-6D75A75B4A5A}.Release|Any CPU.ActiveCfg = Release|Any CPU
		{7D8229D9-A9DA-44E2-8BD9-6D75A75B4A5A}.Release|Any CPU.Build.0 = Release|Any CPU
		{B4E6FE70-AD4E-4EE5-9B03-47EFD832EF5A}.Debug|Any CPU.ActiveCfg = Debug|Any CPU
		{B4E6FE70-AD4E-4EE5-9B03-47EFD832EF5A}.Debug|Any CPU.Build.0 = Debug|Any CPU
		{B4E6FE70-AD4E-4EE5-9B03-47EFD832EF5A}.Release|Any CPU.ActiveCfg = Release|Any CPU
		{B4E6FE70-AD4E-4EE5-9B03-47EFD832EF5A}.Release|Any CPU.Build.0 = Release|Any CPU
		{19012A5E-1B21-4FDB-814B-BAD1505B6C59}.Debug|Any CPU.ActiveCfg = Debug|Any CPU
		{19012A5E-1B21-4FDB-814B-BAD1505B6C59}.Debug|Any CPU.Build.0 = Debug|Any CPU
		{19012A5E-1B21-4FDB-814B-BAD1505B6C59}.Release|Any CPU.ActiveCfg = Release|Any CPU
		{19012A5E-1B21-4FDB-814B-BAD1505B6C59}.Release|Any CPU.Build.0 = Release|Any CPU
		{6FAF3EFD-2D7D-4668-8CFA-BE4052EB9C92}.Debug|Any CPU.ActiveCfg = Debug|Any CPU
		{6FAF3EFD-2D7D-4668-8CFA-BE4052EB9C92}.Debug|Any CPU.Build.0 = Debug|Any CPU
		{6FAF3EFD-2D7D-4668-8CFA-BE4052EB9C92}.Release|Any CPU.ActiveCfg = Release|Any CPU
		{6FAF3EFD-2D7D-4668-8CFA-BE4052EB9C92}.Release|Any CPU.Build.0 = Release|Any CPU
		{004B66C0-AA99-4970-B802-FF12BEFB930D}.Debug|Any CPU.ActiveCfg = Debug|Any CPU
		{004B66C0-AA99-4970-B802-FF12BEFB930D}.Debug|Any CPU.Build.0 = Debug|Any CPU
		{004B66C0-AA99-4970-B802-FF12BEFB930D}.Release|Any CPU.ActiveCfg = Release|Any CPU
		{004B66C0-AA99-4970-B802-FF12BEFB930D}.Release|Any CPU.Build.0 = Release|Any CPU
		{010233F3-1158-434A-8A8C-BCE81EB81095}.Debug|Any CPU.ActiveCfg = Debug|Any CPU
		{010233F3-1158-434A-8A8C-BCE81EB81095}.Debug|Any CPU.Build.0 = Debug|Any CPU
		{010233F3-1158-434A-8A8C-BCE81EB81095}.Release|Any CPU.ActiveCfg = Release|Any CPU
		{010233F3-1158-434A-8A8C-BCE81EB81095}.Release|Any CPU.Build.0 = Release|Any CPU
		{06DC3FC6-5B74-42C9-B817-019CD9539E49}.Debug|Any CPU.ActiveCfg = Debug|Any CPU
		{06DC3FC6-5B74-42C9-B817-019CD9539E49}.Debug|Any CPU.Build.0 = Debug|Any CPU
		{06DC3FC6-5B74-42C9-B817-019CD9539E49}.Release|Any CPU.ActiveCfg = Release|Any CPU
		{06DC3FC6-5B74-42C9-B817-019CD9539E49}.Release|Any CPU.Build.0 = Release|Any CPU
		{15F58CA7-2555-44F2-A949-B8768340D2A6}.Debug|Any CPU.ActiveCfg = Debug|Any CPU
		{15F58CA7-2555-44F2-A949-B8768340D2A6}.Debug|Any CPU.Build.0 = Debug|Any CPU
		{15F58CA7-2555-44F2-A949-B8768340D2A6}.Release|Any CPU.ActiveCfg = Release|Any CPU
		{15F58CA7-2555-44F2-A949-B8768340D2A6}.Release|Any CPU.Build.0 = Release|Any CPU
		{795D1D10-E8ED-40E4-AB28-A9DD23C3A8C3}.Debug|Any CPU.ActiveCfg = Debug|Any CPU
		{795D1D10-E8ED-40E4-AB28-A9DD23C3A8C3}.Debug|Any CPU.Build.0 = Debug|Any CPU
		{795D1D10-E8ED-40E4-AB28-A9DD23C3A8C3}.Release|Any CPU.ActiveCfg = Release|Any CPU
		{795D1D10-E8ED-40E4-AB28-A9DD23C3A8C3}.Release|Any CPU.Build.0 = Release|Any CPU
		{B3386C75-26AF-4907-B3BF-81054AAFB466}.Debug|Any CPU.ActiveCfg = Debug|Any CPU
		{B3386C75-26AF-4907-B3BF-81054AAFB466}.Debug|Any CPU.Build.0 = Debug|Any CPU
		{B3386C75-26AF-4907-B3BF-81054AAFB466}.Release|Any CPU.ActiveCfg = Release|Any CPU
		{B3386C75-26AF-4907-B3BF-81054AAFB466}.Release|Any CPU.Build.0 = Release|Any CPU
		{C4A358B6-09F6-483E-B50D-78F95105C3FE}.Debug|Any CPU.ActiveCfg = Debug|Any CPU
		{C4A358B6-09F6-483E-B50D-78F95105C3FE}.Debug|Any CPU.Build.0 = Debug|Any CPU
		{C4A358B6-09F6-483E-B50D-78F95105C3FE}.Release|Any CPU.ActiveCfg = Release|Any CPU
		{C4A358B6-09F6-483E-B50D-78F95105C3FE}.Release|Any CPU.Build.0 = Release|Any CPU
		{8864CA31-0948-43BE-9799-B6DDA02759BC}.Debug|Any CPU.ActiveCfg = Debug|Any CPU
		{8864CA31-0948-43BE-9799-B6DDA02759BC}.Debug|Any CPU.Build.0 = Debug|Any CPU
		{8864CA31-0948-43BE-9799-B6DDA02759BC}.Release|Any CPU.ActiveCfg = Release|Any CPU
		{8864CA31-0948-43BE-9799-B6DDA02759BC}.Release|Any CPU.Build.0 = Release|Any CPU
		{F082C9BE-0402-459A-85D2-A917A543F0BD}.Debug|Any CPU.ActiveCfg = Debug|Any CPU
		{F082C9BE-0402-459A-85D2-A917A543F0BD}.Debug|Any CPU.Build.0 = Debug|Any CPU
		{F082C9BE-0402-459A-85D2-A917A543F0BD}.Release|Any CPU.ActiveCfg = Release|Any CPU
		{F082C9BE-0402-459A-85D2-A917A543F0BD}.Release|Any CPU.Build.0 = Release|Any CPU
		{1E1787D8-A845-4384-8DFD-D79D1E9D4849}.Debug|Any CPU.ActiveCfg = Debug|Any CPU
		{1E1787D8-A845-4384-8DFD-D79D1E9D4849}.Debug|Any CPU.Build.0 = Debug|Any CPU
		{1E1787D8-A845-4384-8DFD-D79D1E9D4849}.Release|Any CPU.ActiveCfg = Release|Any CPU
		{1E1787D8-A845-4384-8DFD-D79D1E9D4849}.Release|Any CPU.Build.0 = Release|Any CPU
		{F4F7DA4F-3A8D-439C-A300-B6433729E614}.Debug|Any CPU.ActiveCfg = Debug|Any CPU
		{F4F7DA4F-3A8D-439C-A300-B6433729E614}.Debug|Any CPU.Build.0 = Debug|Any CPU
		{F4F7DA4F-3A8D-439C-A300-B6433729E614}.Release|Any CPU.ActiveCfg = Release|Any CPU
		{F4F7DA4F-3A8D-439C-A300-B6433729E614}.Release|Any CPU.Build.0 = Release|Any CPU
		{154B2745-3A45-461F-8750-680C6220831E}.Debug|Any CPU.ActiveCfg = Debug|Any CPU
		{154B2745-3A45-461F-8750-680C6220831E}.Debug|Any CPU.Build.0 = Debug|Any CPU
		{154B2745-3A45-461F-8750-680C6220831E}.Release|Any CPU.ActiveCfg = Release|Any CPU
		{154B2745-3A45-461F-8750-680C6220831E}.Release|Any CPU.Build.0 = Release|Any CPU
	EndGlobalSection
	GlobalSection(SolutionProperties) = preSolution
		HideSolutionNode = FALSE
	EndGlobalSection
	GlobalSection(ExtensibilityGlobals) = postSolution
		SolutionGuid = {87D6939C-FC17-4A0E-9FAC-F1D1B769F1FC}
	EndGlobalSection
EndGlobal
