
Microsoft Visual Studio Solution File, Format Version 12.00
# Visual Studio Version 17
VisualStudioVersion = 17.2.32630.192
MinimumVisualStudioVersion = 10.0.40219.1
Project("{9A19103F-16F7-4668-BE54-9A1E7A4F7556}") = "R5T.L0088.Construction", "R5T.L0088.Construction\R5T.L0088.Construction.csproj", "{FFD30F1D-B556-4C99-9A88-11A657832696}"
EndProject
Project("{9A19103F-16F7-4668-BE54-9A1E7A4F7556}") = "R5T.L0088", "R5T.L0088\R5T.L0088.csproj", "{0A1D1C48-A415-48FC-99D7-75C635865925}"
EndProject
Global
	GlobalSection(SolutionConfigurationPlatforms) = preSolution
		Debug|Any CPU = Debug|Any CPU
		Release|Any CPU = Release|Any CPU
	EndGlobalSection
	GlobalSection(ProjectConfigurationPlatforms) = postSolution
		{FFD30F1D-B556-4C99-9A88-11A657832696}.Debug|Any CPU.ActiveCfg = Debug|Any CPU
		{FFD30F1D-B556-4C99-9A88-11A657832696}.Debug|Any CPU.Build.0 = Debug|Any CPU
		{FFD30F1D-B556-4C99-9A88-11A657832696}.Release|Any CPU.ActiveCfg = Release|Any CPU
		{FFD30F1D-B556-4C99-9A88-11A657832696}.Release|Any CPU.Build.0 = Release|Any CPU
		{0A1D1C48-A415-48FC-99D7-75C635865925}.Debug|Any CPU.ActiveCfg = Debug|Any CPU
		{0A1D1C48-A415-48FC-99D7-75C635865925}.Debug|Any CPU.Build.0 = Debug|Any CPU
		{0A1D1C48-A415-48FC-99D7-75C635865925}.Release|Any CPU.ActiveCfg = Release|Any CPU
		{0A1D1C48-A415-48FC-99D7-75C635865925}.Release|Any CPU.Build.0 = Release|Any CPU
	EndGlobalSection
	GlobalSection(SolutionProperties) = preSolution
		HideSolutionNode = FALSE
	EndGlobalSection
	GlobalSection(ExtensibilityGlobals) = postSolution
		SolutionGuid = {87D6939C-FC17-4A0E-9FAC-F1D1B769F1FC}
	EndGlobalSection
EndGlobal
